
Microsoft Visual Studio Solution File, Format Version 12.00
# Visual Studio 2013
VisualStudioVersion = 12.0.21005.1
MinimumVisualStudioVersion = 10.0.40219.1
Project("{F088123C-0E9E-452A-89E6-6BA2F21D5CAC}") = "RubiksCore.Modeling", "RubiksCore.Modeling\RubiksCore.Modeling.modelproj", "{914ED0CD-E1A1-4ABC-A2C1-41B0A5363871}"
EndProject
Project("{FAE04EC0-301F-11D3-BF4B-00C04F79EFBC}") = "RubiksCore", "RubiksCore\RubiksCore.csproj", "{151DC531-E471-4AB7-A1AF-A3FBB3F162D5}"
EndProject
Project("{FAE04EC0-301F-11D3-BF4B-00C04F79EFBC}") = "RubiksCore.Test", "RubiksCore.Test\RubiksCore.Test.csproj", "{010EBB4F-98E6-4031-9FF8-2429404EF61F}"
EndProject
Global
	GlobalSection(TeamFoundationVersionControl) = preSolution
		SccNumberOfProjects = 4
		SccEnterpriseProvider = {4CA58AB2-18FA-4F8D-95D4-32DDF27D184C}
		SccTeamFoundationServer = https://tfs.codeplex.com/tfs/tfs30
		SccLocalPath0 = .
		SccProjectUniqueName1 = RubiksCore.Modeling\\RubiksCore.Modeling.modelproj
		SccProjectName1 = RubiksCore.Modeling
		SccLocalPath1 = RubiksCore.Modeling
		SccProjectUniqueName2 = RubiksCore\\RubiksCore.csproj
		SccProjectName2 = RubiksCore
		SccLocalPath2 = RubiksCore
		SccProjectUniqueName3 = RubiksCore.Test\\RubiksCore.Test.csproj
		SccProjectName3 = RubiksCore.Test
		SccLocalPath3 = RubiksCore.Test
	EndGlobalSection
	GlobalSection(SolutionConfigurationPlatforms) = preSolution
		Debug|Any CPU = Debug|Any CPU
		Release|Any CPU = Release|Any CPU
	EndGlobalSection
	GlobalSection(ProjectConfigurationPlatforms) = postSolution
		{914ED0CD-E1A1-4ABC-A2C1-41B0A5363871}.Debug|Any CPU.ActiveCfg = Debug|Any CPU
		{914ED0CD-E1A1-4ABC-A2C1-41B0A5363871}.Debug|Any CPU.Build.0 = Debug|Any CPU
		{914ED0CD-E1A1-4ABC-A2C1-41B0A5363871}.Release|Any CPU.ActiveCfg = Release|Any CPU
		{914ED0CD-E1A1-4ABC-A2C1-41B0A5363871}.Release|Any CPU.Build.0 = Release|Any CPU
		{151DC531-E471-4AB7-A1AF-A3FBB3F162D5}.Debug|Any CPU.ActiveCfg = Debug|Any CPU
		{151DC531-E471-4AB7-A1AF-A3FBB3F162D5}.Debug|Any CPU.Build.0 = Debug|Any CPU
		{151DC531-E471-4AB7-A1AF-A3FBB3F162D5}.Release|Any CPU.ActiveCfg = Release|Any CPU
		{151DC531-E471-4AB7-A1AF-A3FBB3F162D5}.Release|Any CPU.Build.0 = Release|Any CPU
		{010EBB4F-98E6-4031-9FF8-2429404EF61F}.Debug|Any CPU.ActiveCfg = Debug|Any CPU
		{010EBB4F-98E6-4031-9FF8-2429404EF61F}.Debug|Any CPU.Build.0 = Debug|Any CPU
		{010EBB4F-98E6-4031-9FF8-2429404EF61F}.Release|Any CPU.ActiveCfg = Release|Any CPU
		{010EBB4F-98E6-4031-9FF8-2429404EF61F}.Release|Any CPU.Build.0 = Release|Any CPU
	EndGlobalSection
	GlobalSection(SolutionProperties) = preSolution
		HideSolutionNode = FALSE
	EndGlobalSection
EndGlobal
